
Microsoft Visual Studio Solution File, Format Version 12.00
# Visual Studio 15
VisualStudioVersion = 15.0.28307.1209
MinimumVisualStudioVersion = 10.0.40219.1
Project("{8BC9CEB8-8B4A-11D0-8D11-00A0C91BC942}") = "Poj2122", "Poj2122\Poj2122.vcxproj", "{71573025-551F-4DFD-8871-6A13967F4396}"
EndProject
Global
	GlobalSection(SolutionConfigurationPlatforms) = preSolution
		Debug|x64 = Debug|x64
		Debug|x86 = Debug|x86
		Release|x64 = Release|x64
		Release|x86 = Release|x86
	EndGlobalSection
	GlobalSection(ProjectConfigurationPlatforms) = postSolution
		{71573025-551F-4DFD-8871-6A13967F4396}.Debug|x64.ActiveCfg = Debug|x64
		{71573025-551F-4DFD-8871-6A13967F4396}.Debug|x64.Build.0 = Debug|x64
		{71573025-551F-4DFD-8871-6A13967F4396}.Debug|x86.ActiveCfg = Debug|Win32
		{71573025-551F-4DFD-8871-6A13967F4396}.Debug|x86.Build.0 = Debug|Win32
		{71573025-551F-4DFD-8871-6A13967F4396}.Release|x64.ActiveCfg = Release|x64
		{71573025-551F-4DFD-8871-6A13967F4396}.Release|x64.Build.0 = Release|x64
		{71573025-551F-4DFD-8871-6A13967F4396}.Release|x86.ActiveCfg = Release|Win32
		{71573025-551F-4DFD-8871-6A13967F4396}.Release|x86.Build.0 = Release|Win32
	EndGlobalSection
	GlobalSection(SolutionProperties) = preSolution
		HideSolutionNode = FALSE
	EndGlobalSection
	GlobalSection(ExtensibilityGlobals) = postSolution
		SolutionGuid = {CF694E22-CC3F-4308-AD5E-9D9CC8BB4E5F}
	EndGlobalSection
EndGlobal
