
Microsoft Visual Studio Solution File, Format Version 12.00
# Visual Studio 15
VisualStudioVersion = 15.0.28307.1209
MinimumVisualStudioVersion = 10.0.40219.1
Project("{8BC9CEB8-8B4A-11D0-8D11-00A0C91BC942}") = "Poj2226", "Poj2226\Poj2226.vcxproj", "{7999000B-9AB5-4133-A96B-7838EB9F626C}"
EndProject
Global
	GlobalSection(SolutionConfigurationPlatforms) = preSolution
		Debug|x64 = Debug|x64
		Debug|x86 = Debug|x86
		Release|x64 = Release|x64
		Release|x86 = Release|x86
	EndGlobalSection
	GlobalSection(ProjectConfigurationPlatforms) = postSolution
		{7999000B-9AB5-4133-A96B-7838EB9F626C}.Debug|x64.ActiveCfg = Debug|x64
		{7999000B-9AB5-4133-A96B-7838EB9F626C}.Debug|x64.Build.0 = Debug|x64
		{7999000B-9AB5-4133-A96B-7838EB9F626C}.Debug|x86.ActiveCfg = Debug|Win32
		{7999000B-9AB5-4133-A96B-7838EB9F626C}.Debug|x86.Build.0 = Debug|Win32
		{7999000B-9AB5-4133-A96B-7838EB9F626C}.Release|x64.ActiveCfg = Release|x64
		{7999000B-9AB5-4133-A96B-7838EB9F626C}.Release|x64.Build.0 = Release|x64
		{7999000B-9AB5-4133-A96B-7838EB9F626C}.Release|x86.ActiveCfg = Release|Win32
		{7999000B-9AB5-4133-A96B-7838EB9F626C}.Release|x86.Build.0 = Release|Win32
	EndGlobalSection
	GlobalSection(SolutionProperties) = preSolution
		HideSolutionNode = FALSE
	EndGlobalSection
	GlobalSection(ExtensibilityGlobals) = postSolution
		SolutionGuid = {40CFD0E7-E6C1-4A4B-A6D0-2870BC855DDE}
	EndGlobalSection
EndGlobal
