
Microsoft Visual Studio Solution File, Format Version 12.00
# Visual Studio 15
VisualStudioVersion = 15.0.28307.1209
MinimumVisualStudioVersion = 10.0.40219.1
Project("{8BC9CEB8-8B4A-11D0-8D11-00A0C91BC942}") = "Hopscotch_Poj3050", "Hopscotch_Poj3050\Hopscotch_Poj3050.vcxproj", "{BDC02148-5A2D-4DCE-981F-43B7A50FB84F}"
EndProject
Global
	GlobalSection(SolutionConfigurationPlatforms) = preSolution
		Debug|x64 = Debug|x64
		Debug|x86 = Debug|x86
		Release|x64 = Release|x64
		Release|x86 = Release|x86
	EndGlobalSection
	GlobalSection(ProjectConfigurationPlatforms) = postSolution
		{BDC02148-5A2D-4DCE-981F-43B7A50FB84F}.Debug|x64.ActiveCfg = Debug|x64
		{BDC02148-5A2D-4DCE-981F-43B7A50FB84F}.Debug|x64.Build.0 = Debug|x64
		{BDC02148-5A2D-4DCE-981F-43B7A50FB84F}.Debug|x86.ActiveCfg = Debug|Win32
		{BDC02148-5A2D-4DCE-981F-43B7A50FB84F}.Debug|x86.Build.0 = Debug|Win32
		{BDC02148-5A2D-4DCE-981F-43B7A50FB84F}.Release|x64.ActiveCfg = Release|x64
		{BDC02148-5A2D-4DCE-981F-43B7A50FB84F}.Release|x64.Build.0 = Release|x64
		{BDC02148-5A2D-4DCE-981F-43B7A50FB84F}.Release|x86.ActiveCfg = Release|Win32
		{BDC02148-5A2D-4DCE-981F-43B7A50FB84F}.Release|x86.Build.0 = Release|Win32
	EndGlobalSection
	GlobalSection(SolutionProperties) = preSolution
		HideSolutionNode = FALSE
	EndGlobalSection
	GlobalSection(ExtensibilityGlobals) = postSolution
		SolutionGuid = {255FDEF5-1DB7-4882-AA68-77ECDA72B523}
	EndGlobalSection
EndGlobal
