
Microsoft Visual Studio Solution File, Format Version 12.00
# Visual Studio 15
VisualStudioVersion = 15.0.28307.1209
MinimumVisualStudioVersion = 10.0.40219.1
Project("{8BC9CEB8-8B4A-11D0-8D11-00A0C91BC942}") = "Poj2836", "Poj2836\Poj2836.vcxproj", "{329FCB5C-02A5-496E-AC76-E55574A1EFAC}"
EndProject
Global
	GlobalSection(SolutionConfigurationPlatforms) = preSolution
		Debug|x64 = Debug|x64
		Debug|x86 = Debug|x86
		Release|x64 = Release|x64
		Release|x86 = Release|x86
	EndGlobalSection
	GlobalSection(ProjectConfigurationPlatforms) = postSolution
		{329FCB5C-02A5-496E-AC76-E55574A1EFAC}.Debug|x64.ActiveCfg = Debug|x64
		{329FCB5C-02A5-496E-AC76-E55574A1EFAC}.Debug|x64.Build.0 = Debug|x64
		{329FCB5C-02A5-496E-AC76-E55574A1EFAC}.Debug|x86.ActiveCfg = Debug|Win32
		{329FCB5C-02A5-496E-AC76-E55574A1EFAC}.Debug|x86.Build.0 = Debug|Win32
		{329FCB5C-02A5-496E-AC76-E55574A1EFAC}.Release|x64.ActiveCfg = Release|x64
		{329FCB5C-02A5-496E-AC76-E55574A1EFAC}.Release|x64.Build.0 = Release|x64
		{329FCB5C-02A5-496E-AC76-E55574A1EFAC}.Release|x86.ActiveCfg = Release|Win32
		{329FCB5C-02A5-496E-AC76-E55574A1EFAC}.Release|x86.Build.0 = Release|Win32
	EndGlobalSection
	GlobalSection(SolutionProperties) = preSolution
		HideSolutionNode = FALSE
	EndGlobalSection
	GlobalSection(ExtensibilityGlobals) = postSolution
		SolutionGuid = {4886C856-B95F-4F0B-8309-974AA499F508}
	EndGlobalSection
EndGlobal
