
Microsoft Visual Studio Solution File, Format Version 12.00
# Visual Studio 15
VisualStudioVersion = 15.0.28307.1231
MinimumVisualStudioVersion = 10.0.40219.1
Project("{8BC9CEB8-8B4A-11D0-8D11-00A0C91BC942}") = "Poj1127", "Poj1127\Poj1127.vcxproj", "{BAFDA206-0B40-44D5-97D9-35A3150E0106}"
EndProject
Global
	GlobalSection(SolutionConfigurationPlatforms) = preSolution
		Debug|x64 = Debug|x64
		Debug|x86 = Debug|x86
		Release|x64 = Release|x64
		Release|x86 = Release|x86
	EndGlobalSection
	GlobalSection(ProjectConfigurationPlatforms) = postSolution
		{BAFDA206-0B40-44D5-97D9-35A3150E0106}.Debug|x64.ActiveCfg = Debug|x64
		{BAFDA206-0B40-44D5-97D9-35A3150E0106}.Debug|x64.Build.0 = Debug|x64
		{BAFDA206-0B40-44D5-97D9-35A3150E0106}.Debug|x86.ActiveCfg = Debug|Win32
		{BAFDA206-0B40-44D5-97D9-35A3150E0106}.Debug|x86.Build.0 = Debug|Win32
		{BAFDA206-0B40-44D5-97D9-35A3150E0106}.Release|x64.ActiveCfg = Release|x64
		{BAFDA206-0B40-44D5-97D9-35A3150E0106}.Release|x64.Build.0 = Release|x64
		{BAFDA206-0B40-44D5-97D9-35A3150E0106}.Release|x86.ActiveCfg = Release|Win32
		{BAFDA206-0B40-44D5-97D9-35A3150E0106}.Release|x86.Build.0 = Release|Win32
	EndGlobalSection
	GlobalSection(SolutionProperties) = preSolution
		HideSolutionNode = FALSE
	EndGlobalSection
	GlobalSection(ExtensibilityGlobals) = postSolution
		SolutionGuid = {1337F901-8D98-4021-B4BE-7A1731961488}
	EndGlobalSection
EndGlobal
