
Microsoft Visual Studio Solution File, Format Version 12.00
# Visual Studio 15
VisualStudioVersion = 15.0.28307.1209
MinimumVisualStudioVersion = 10.0.40219.1
Project("{8BC9CEB8-8B4A-11D0-8D11-00A0C91BC942}") = "Aoj2200", "Aoj2200\Aoj2200.vcxproj", "{5C6BD8CA-B950-4F4A-B007-3FD32AF59A61}"
EndProject
Global
	GlobalSection(SolutionConfigurationPlatforms) = preSolution
		Debug|x64 = Debug|x64
		Debug|x86 = Debug|x86
		Release|x64 = Release|x64
		Release|x86 = Release|x86
	EndGlobalSection
	GlobalSection(ProjectConfigurationPlatforms) = postSolution
		{5C6BD8CA-B950-4F4A-B007-3FD32AF59A61}.Debug|x64.ActiveCfg = Debug|x64
		{5C6BD8CA-B950-4F4A-B007-3FD32AF59A61}.Debug|x64.Build.0 = Debug|x64
		{5C6BD8CA-B950-4F4A-B007-3FD32AF59A61}.Debug|x86.ActiveCfg = Debug|Win32
		{5C6BD8CA-B950-4F4A-B007-3FD32AF59A61}.Debug|x86.Build.0 = Debug|Win32
		{5C6BD8CA-B950-4F4A-B007-3FD32AF59A61}.Release|x64.ActiveCfg = Release|x64
		{5C6BD8CA-B950-4F4A-B007-3FD32AF59A61}.Release|x64.Build.0 = Release|x64
		{5C6BD8CA-B950-4F4A-B007-3FD32AF59A61}.Release|x86.ActiveCfg = Release|Win32
		{5C6BD8CA-B950-4F4A-B007-3FD32AF59A61}.Release|x86.Build.0 = Release|Win32
	EndGlobalSection
	GlobalSection(SolutionProperties) = preSolution
		HideSolutionNode = FALSE
	EndGlobalSection
	GlobalSection(ExtensibilityGlobals) = postSolution
		SolutionGuid = {FDCD8F77-6A13-445F-9EE7-A89A72B5C438}
	EndGlobalSection
EndGlobal
