
Microsoft Visual Studio Solution File, Format Version 12.00
# Visual Studio 15
VisualStudioVersion = 15.0.28307.1209
MinimumVisualStudioVersion = 10.0.40219.1
Project("{8BC9CEB8-8B4A-11D0-8D11-00A0C91BC942}") = "Priest_Poj3683", "Priest_Poj3683\Priest_Poj3683.vcxproj", "{20D4A1C0-07F1-4CB1-A6C4-1CB3B2A68071}"
EndProject
Global
	GlobalSection(SolutionConfigurationPlatforms) = preSolution
		Debug|x64 = Debug|x64
		Debug|x86 = Debug|x86
		Release|x64 = Release|x64
		Release|x86 = Release|x86
	EndGlobalSection
	GlobalSection(ProjectConfigurationPlatforms) = postSolution
		{20D4A1C0-07F1-4CB1-A6C4-1CB3B2A68071}.Debug|x64.ActiveCfg = Debug|x64
		{20D4A1C0-07F1-4CB1-A6C4-1CB3B2A68071}.Debug|x64.Build.0 = Debug|x64
		{20D4A1C0-07F1-4CB1-A6C4-1CB3B2A68071}.Debug|x86.ActiveCfg = Debug|Win32
		{20D4A1C0-07F1-4CB1-A6C4-1CB3B2A68071}.Debug|x86.Build.0 = Debug|Win32
		{20D4A1C0-07F1-4CB1-A6C4-1CB3B2A68071}.Release|x64.ActiveCfg = Release|x64
		{20D4A1C0-07F1-4CB1-A6C4-1CB3B2A68071}.Release|x64.Build.0 = Release|x64
		{20D4A1C0-07F1-4CB1-A6C4-1CB3B2A68071}.Release|x86.ActiveCfg = Release|Win32
		{20D4A1C0-07F1-4CB1-A6C4-1CB3B2A68071}.Release|x86.Build.0 = Release|Win32
	EndGlobalSection
	GlobalSection(SolutionProperties) = preSolution
		HideSolutionNode = FALSE
	EndGlobalSection
	GlobalSection(ExtensibilityGlobals) = postSolution
		SolutionGuid = {1DBE1662-6FCA-417A-8FD9-083AE40DE2E3}
	EndGlobalSection
EndGlobal
